// !$*UTF8*$!
{
	archiveVersion = 1;
	classes = {
	};
	objectVersion = 46;
	objects = {

/* Begin PBXBuildFile section */
		98BBCD381F3922F20092D350 /* AppDelegate.swift in Sources */ = {isa = PBXBuildFile; fileRef = 98BBCD371F3922F20092D350 /* AppDelegate.swift */; };
		98BBCD3A1F3922F20092D350 /* CalculatorViewController.swift in Sources */ = {isa = PBXBuildFile; fileRef = 98BBCD391F3922F20092D350 /* CalculatorViewController.swift */; };
		98BBCD3D1F3922F20092D350 /* Main.storyboard in Resources */ = {isa = PBXBuildFile; fileRef = 98BBCD3B1F3922F20092D350 /* Main.storyboard */; };
		98BBCD3F1F3922F20092D350 /* Assets.xcassets in Resources */ = {isa = PBXBuildFile; fileRef = 98BBCD3E1F3922F20092D350 /* Assets.xcassets */; };
		98BBCD421F3922F20092D350 /* LaunchScreen.storyboard in Resources */ = {isa = PBXBuildFile; fileRef = 98BBCD401F3922F20092D350 /* LaunchScreen.storyboard */; };
		98BBCD4A1F3955F80092D350 /* CalculatorLogic.swift in Sources */ = {isa = PBXBuildFile; fileRef = 98BBCD491F3955F80092D350 /* CalculatorLogic.swift */; };
/* End PBXBuildFile section */

/* Begin PBXFileReference section */
		98BBCD341F3922F20092D350 /* ICalculator.app */ = {isa = PBXFileReference; explicitFileType = wrapper.application; includeInIndex = 0; path = ICalculator.app; sourceTree = BUILT_PRODUCTS_DIR; };
		98BBCD371F3922F20092D350 /* AppDelegate.swift */ = {isa = PBXFileReference; lastKnownFileType = sourcecode.swift; path = AppDelegate.swift; sourceTree = "<group>"; };
		98BBCD391F3922F20092D350 /* CalculatorViewController.swift */ = {isa = PBXFileReference; lastKnownFileType = sourcecode.swift; path = CalculatorViewController.swift; sourceTree = "<group>"; };
		98BBCD3C1F3922F20092D350 /* Base */ = {isa = PBXFileReference; lastKnownFileType = file.storyboard; name = Base; path = Base.lproj/Main.storyboard; sourceTree = "<group>"; };
		98BBCD3E1F3922F20092D350 /* Assets.xcassets */ = {isa = PBXFileReference; lastKnownFileType = folder.assetcatalog; path = Assets.xcassets; sourceTree = "<group>"; };
		98BBCD411F3922F20092D350 /* Base */ = {isa = PBXFileReference; lastKnownFileType = file.storyboard; name = Base; path = Base.lproj/LaunchScreen.storyboard; sourceTree = "<group>"; };
		98BBCD431F3922F20092D350 /* Info.plist */ = {isa = PBXFileReference; lastKnownFileType = text.plist.xml; path = Info.plist; sourceTree = "<group>"; };
		98BBCD491F3955F80092D350 /* CalculatorLogic.swift */ = {isa = PBXFileReference; fileEncoding = 4; lastKnownFileType = sourcecode.swift; path = CalculatorLogic.swift; sourceTree = "<group>"; };
/* End PBXFileReference section */

/* Begin PBXFrameworksBuildPhase section */
		98BBCD311F3922F20092D350 /* Frameworks */ = {
			isa = PBXFrameworksBuildPhase;
			buildActionMask = 2147483647;
			files = (
			);
			runOnlyForDeploymentPostprocessing = 0;
		};
/* End PBXFrameworksBuildPhase section */

/* Begin PBXGroup section */
		98BBCD2B1F3922F20092D350 = {
			isa = PBXGroup;
			children = (
				98BBCD361F3922F20092D350 /* ICalculator */,
				98BBCD351F3922F20092D350 /* Products */,
			);
			sourceTree = "<group>";
		};
		98BBCD351F3922F20092D350 /* Products */ = {
			isa = PBXGroup;
			children = (
				98BBCD341F3922F20092D350 /* ICalculator.app */,
			);
			name = Products;
			sourceTree = "<group>";
		};
		98BBCD361F3922F20092D350 /* ICalculator */ = {
			isa = PBXGroup;
			children = (
				98BBCD371F3922F20092D350 /* AppDelegate.swift */,
				98BBCD491F3955F80092D350 /* CalculatorLogic.swift */,
				98BBCD391F3922F20092D350 /* CalculatorViewController.swift */,
				98BBCD3B1F3922F20092D350 /* Main.storyboard */,
				98BBCD3E1F3922F20092D350 /* Assets.xcassets */,
				98BBCD401F3922F20092D350 /* LaunchScreen.storyboard */,
				98BBCD431F3922F20092D350 /* Info.plist */,
			);
			path = ICalculator;
			sourceTree = "<group>";
		};
/* End PBXGroup section */

/* Begin PBXNativeTarget section */
		98BBCD331F3922F20092D350 /* ICalculator */ = {
			isa = PBXNativeTarget;
			buildConfigurationList = 98BBCD461F3922F20092D350 /* Build configuration list for PBXNativeTarget "ICalculator" */;
			buildPhases = (
				98BBCD301F3922F20092D350 /* Sources */,
				98BBCD311F3922F20092D350 /* Frameworks */,
				98BBCD321F3922F20092D350 /* Resources */,
			);
			buildRules = (
			);
			dependencies = (
			);
			name = ICalculator;
			productName = ICalculator;
			productReference = 98BBCD341F3922F20092D350 /* ICalculator.app */;
			productType = "com.apple.product-type.application";
		};
/* End PBXNativeTarget section */

/* Begin PBXProject section */
		98BBCD2C1F3922F20092D350 /* Project object */ = {
			isa = PBXProject;
			attributes = {
				LastSwiftUpdateCheck = 0830;
				LastUpgradeCheck = 0830;
				ORGANIZATIONNAME = developer;
				TargetAttributes = {
					98BBCD331F3922F20092D350 = {
						CreatedOnToolsVersion = 8.3.3;
						ProvisioningStyle = Automatic;
					};
				};
			};
			buildConfigurationList = 98BBCD2F1F3922F20092D350 /* Build configuration list for PBXProject "ICalculator" */;
			compatibilityVersion = "Xcode 3.2";
			developmentRegion = English;
			hasScannedForEncodings = 0;
			knownRegions = (
				en,
				Base,
			);
			mainGroup = 98BBCD2B1F3922F20092D350;
			productRefGroup = 98BBCD351F3922F20092D350 /* Products */;
			projectDirPath = "";
			projectRoot = "";
			targets = (
				98BBCD331F3922F20092D350 /* ICalculator */,
			);
		};
/* End PBXProject section */

/* Begin PBXResourcesBuildPhase section */
		98BBCD321F3922F20092D350 /* Resources */ = {
			isa = PBXResourcesBuildPhase;
			buildActionMask = 2147483647;
			files = (
				98BBCD421F3922F20092D350 /* LaunchScreen.storyboard in Resources */,
				98BBCD3F1F3922F20092D350 /* Assets.xcassets in Resources */,
				98BBCD3D1F3922F20092D350 /* Main.storyboard in Resources */,
			);
			runOnlyForDeploymentPostprocessing = 0;
		};
/* End PBXResourcesBuildPhase section */

/* Begin PBXSourcesBuildPhase section */
		98BBCD301F3922F20092D350 /* Sources */ = {
			isa = PBXSourcesBuildPhase;
			buildActionMask = 2147483647;
			files = (
				98BBCD3A1F3922F20092D350 /* CalculatorViewController.swift in Sources */,
				98BBCD381F3922F20092D350 /* AppDelegate.swift in Sources */,
				98BBCD4A1F3955F80092D350 /* CalculatorLogic.swift in Sources */,
			);
			runOnlyForDeploymentPostprocessing = 0;
		};
/* End PBXSourcesBuildPhase section */

/* Begin PBXVariantGroup section */
		98BBCD3B1F3922F20092D350 /* Main.storyboard */ = {
			isa = PBXVariantGroup;
			children = (
				98BBCD3C1F3922F20092D350 /* Base */,
			);
			name = Main.storyboard;
			sourceTree = "<group>";
		};
		98BBCD401F3922F20092D350 /* LaunchScreen.storyboard */ = {
			isa = PBXVariantGroup;
			children = (
				98BBCD411F3922F20092D350 /* Base */,
			);
			name = LaunchScreen.storyboard;
			sourceTree = "<group>";
		};
/* End PBXVariantGroup section */

/* Begin XCBuildConfiguration section */
		98BBCD441F3922F20092D350 /* Debug */ = {
			isa = XCBuildConfiguration;
			buildSettings = {
				ALWAYS_SEARCH_USER_PATHS = NO;
				CLANG_ANALYZER_NONNULL = YES;
				CLANG_ANALYZER_NUMBER_OBJECT_CONVERSION = YES_AGGRESSIVE;
				CLANG_CXX_LANGUAGE_STANDARD = "gnu++0x";
				CLANG_CXX_LIBRARY = "libc++";
				CLANG_ENABLE_MODULES = YES;
				CLANG_ENABLE_OBJC_ARC = YES;
				CLANG_WARN_BOOL_CONVERSION = YES;
				CLANG_WARN_CONSTANT_CONVERSION = YES;
				CLANG_WARN_DIRECT_OBJC_ISA_USAGE = YES_ERROR;
				CLANG_WARN_DOCUMENTATION_COMMENTS = YES;
				CLANG_WARN_EMPTY_BODY = YES;
				CLANG_WARN_ENUM_CONVERSION = YES;
				CLANG_WARN_INFINITE_RECURSION = YES;
				CLANG_WARN_INT_CONVERSION = YES;
				CLANG_WARN_OBJC_ROOT_CLASS = YES_ERROR;
				CLANG_WARN_SUSPICIOUS_MOVE = YES;
				CLANG_WARN_UNREACHABLE_CODE = YES;
				CLANG_WARN__DUPLICATE_METHOD_MATCH = YES;
				"CODE_SIGN_IDENTITY[sdk=iphoneos*]" = "iPhone Developer";
				COPY_PHASE_STRIP = NO;
				DEBUG_INFORMATION_FORMAT = dwarf;
				ENABLE_STRICT_OBJC_MSGSEND = YES;
				ENABLE_TESTABILITY = YES;
				GCC_C_LANGUAGE_STANDARD = gnu99;
				GCC_DYNAMIC_NO_PIC = NO;
				GCC_NO_COMMON_BLOCKS = YES;
				GCC_OPTIMIZATION_LEVEL = 0;
				GCC_PREPROCESSOR_DEFINITIONS = (
					"DEBUG=1",
					"$(inherited)",
				);
				GCC_WARN_64_TO_32_BIT_CONVERSION = YES;
				GCC_WARN_ABOUT_RETURN_TYPE = YES_ERROR;
				GCC_WARN_UNDECLARED_SELECTOR = YES;
				GCC_WARN_UNINITIALIZED_AUTOS = YES_AGGRESSIVE;
				GCC_WARN_UNUSED_FUNCTION = YES;
				GCC_WARN_UNUSED_VARIABLE = YES;
				IPHONEOS_DEPLOYMENT_TARGET = 10.3;
				MTL_ENABLE_DEBUG_INFO = YES;
				ONLY_ACTIVE_ARCH = YES;
				SDKROOT = iphoneos;
				SWIFT_ACTIVE_COMPILATION_CONDITIONS = DEBUG;
				SWIFT_OPTIMIZATION_LEVEL = "-Onone";
				TARGETED_DEVICE_FAMILY = "1,2";
			};
			name = Debug;
		};
		98BBCD451F3922F20092D350 /* Release */ = {
			isa = XCBuildConfiguration;
			buildSettings = {
				ALWAYS_SEARCH_USER_PATHS = NO;
				CLANG_ANALYZER_NONNULL = YES;
				CLANG_ANALYZER_NUMBER_OBJECT_CONVERSION = YES_AGGRESSIVE;
				CLANG_CXX_LANGUAGE_STANDARD = "gnu++0x";
				CLANG_CXX_LIBRARY = "libc++";
				CLANG_ENABLE_MODULES = YES;
				CLANG_ENABLE_OBJC_ARC = YES;
				CLANG_WARN_BOOL_CONVERSION = YES;
				CLANG_WARN_CONSTANT_CONVERSION = YES;
				CLANG_WARN_DIRECT_OBJC_ISA_USAGE = YES_ERROR;
				CLANG_WARN_DOCUMENTATION_COMMENTS = YES;
				CLANG_WARN_EMPTY_BODY = YES;
				CLANG_WARN_ENUM_CONVERSION = YES;
				CLANG_WARN_INFINITE_RECURSION = YES;
				CLANG_WARN_INT_CONVERSION = YES;
				CLANG_WARN_OBJC_ROOT_CLASS = YES_ERROR;
				CLANG_WARN_SUSPICIOUS_MOVE = YES;
				CLANG_WARN_UNREACHABLE_CODE = YES;
				CLANG_WARN__DUPLICATE_METHOD_MATCH = YES;
				"CODE_SIGN_IDENTITY[sdk=iphoneos*]" = "iPhone Developer";
				COPY_PHASE_STRIP = NO;
				DEBUG_INFORMATION_FORMAT = "dwarf-with-dsym";
				ENABLE_NS_ASSERTIONS = NO;
				ENABLE_STRICT_OBJC_MSGSEND = YES;
				GCC_C_LANGUAGE_STANDARD = gnu99;
				GCC_NO_COMMON_BLOCKS = YES;
				GCC_WARN_64_TO_32_BIT_CONVERSION = YES;
				GCC_WARN_ABOUT_RETURN_TYPE = YES_ERROR;
				GCC_WARN_UNDECLARED_SELECTOR = YES;
				GCC_WARN_UNINITIALIZED_AUTOS = YES_AGGRESSIVE;
				GCC_WARN_UNUSED_FUNCTION = YES;
				GCC_WARN_UNUSED_VARIABLE = YES;
				IPHONEOS_DEPLOYMENT_TARGET = 10.3;
				MTL_ENABLE_DEBUG_INFO = NO;
				SDKROOT = iphoneos;
				SWIFT_OPTIMIZATION_LEVEL = "-Owholemodule";
				TARGETED_DEVICE_FAMILY = "1,2";
				VALIDATE_PRODUCT = YES;
			};
			name = Release;
		};
		98BBCD471F3922F20092D350 /* Debug */ = {
			isa = XCBuildConfiguration;
			buildSettings = {
				ASSETCATALOG_COMPILER_APPICON_NAME = AppIcon;
				INFOPLIST_FILE = ICalculator/Info.plist;
				LD_RUNPATH_SEARCH_PATHS = "$(inherited) @executable_path/Frameworks";
				PRODUCT_BUNDLE_IDENTIFIER = com.iOSVirtusaTraining.ICalculator;
				PRODUCT_NAME = "$(TARGET_NAME)";
				SWIFT_VERSION = 3.0;
			};
			name = Debug;
		};
		98BBCD481F3922F20092D350 /* Release */ = {
			isa = XCBuildConfiguration;
			buildSettings = {
				ASSETCATALOG_COMPILER_APPICON_NAME = AppIcon;
				INFOPLIST_FILE = ICalculator/Info.plist;
				LD_RUNPATH_SEARCH_PATHS = "$(inherited) @executable_path/Frameworks";
				PRODUCT_BUNDLE_IDENTIFIER = com.iOSVirtusaTraining.ICalculator;
				PRODUCT_NAME = "$(TARGET_NAME)";
				SWIFT_VERSION = 3.0;
			};
			name = Release;
		};
/* End XCBuildConfiguration section */

/* Begin XCConfigurationList section */
		98BBCD2F1F3922F20092D350 /* Build configuration list for PBXProject "ICalculator" */ = {
			isa = XCConfigurationList;
			buildConfigurations = (
				98BBCD441F3922F20092D350 /* Debug */,
				98BBCD451F3922F20092D350 /* Release */,
			);
			defaultConfigurationIsVisible = 0;
			defaultConfigurationName = Release;
		};
		98BBCD461F3922F20092D350 /* Build configuration list for PBXNativeTarget "ICalculator" */ = {
			isa = XCConfigurationList;
			buildConfigurations = (
				98BBCD471F3922F20092D350 /* Debug */,
				98BBCD481F3922F20092D350 /* Release */,
			);
			defaultConfigurationIsVisible = 0;
			defaultConfigurationName = Release;
		};
/* End XCConfigurationList section */
	};
	rootObject = 98BBCD2C1F3922F20092D350 /* Project object */;
}
